
Microsoft Visual Studio Solution File, Format Version 12.00
# Visual Studio 15
VisualStudioVersion = 15.0.28010.2026
MinimumVisualStudioVersion = 10.0.40219.1
Project("{FAE04EC0-301F-11D3-BF4B-00C04F79EFBC}") = "program1", "program1\program1.csproj", "{1F947A38-E931-4526-B164-7072AF4860E1}"
EndProject
Project("{FAE04EC0-301F-11D3-BF4B-00C04F79EFBC}") = "program2", "program2\program2.csproj", "{F39A7AA2-AAF5-4C38-9A39-61E4004B63B2}"
EndProject
Global
	GlobalSection(SolutionConfigurationPlatforms) = preSolution
		Debug|Any CPU = Debug|Any CPU
		Release|Any CPU = Release|Any CPU
	EndGlobalSection
	GlobalSection(ProjectConfigurationPlatforms) = postSolution
		{1F947A38-E931-4526-B164-7072AF4860E1}.Debug|Any CPU.ActiveCfg = Debug|Any CPU
		{1F947A38-E931-4526-B164-7072AF4860E1}.Debug|Any CPU.Build.0 = Debug|Any CPU
		{1F947A38-E931-4526-B164-7072AF4860E1}.Release|Any CPU.ActiveCfg = Release|Any CPU
		{1F947A38-E931-4526-B164-7072AF4860E1}.Release|Any CPU.Build.0 = Release|Any CPU
		{F39A7AA2-AAF5-4C38-9A39-61E4004B63B2}.Debug|Any CPU.ActiveCfg = Debug|Any CPU
		{F39A7AA2-AAF5-4C38-9A39-61E4004B63B2}.Debug|Any CPU.Build.0 = Debug|Any CPU
		{F39A7AA2-AAF5-4C38-9A39-61E4004B63B2}.Release|Any CPU.ActiveCfg = Release|Any CPU
		{F39A7AA2-AAF5-4C38-9A39-61E4004B63B2}.Release|Any CPU.Build.0 = Release|Any CPU
	EndGlobalSection
	GlobalSection(SolutionProperties) = preSolution
		HideSolutionNode = FALSE
	EndGlobalSection
	GlobalSection(ExtensibilityGlobals) = postSolution
		SolutionGuid = {11CB86F5-F35E-4543-8E47-271A246E24C2}
	EndGlobalSection
EndGlobal
