
Microsoft Visual Studio Solution File, Format Version 12.00
# Visual Studio 15
VisualStudioVersion = 15.0.27703.2042
MinimumVisualStudioVersion = 10.0.40219.1
Project("{FAE04EC0-301F-11D3-BF4B-00C04F79EFBC}") = "program1", "program1\program1.csproj", "{1842EF3B-95F2-48DC-AA93-3A1D080D5EA0}"
EndProject
Project("{FAE04EC0-301F-11D3-BF4B-00C04F79EFBC}") = "program2", "program2\program2.csproj", "{3EC48F79-82D6-4DFD-8930-071E3D981CDC}"
EndProject
Global
	GlobalSection(SolutionConfigurationPlatforms) = preSolution
		Debug|Any CPU = Debug|Any CPU
		Release|Any CPU = Release|Any CPU
	EndGlobalSection
	GlobalSection(ProjectConfigurationPlatforms) = postSolution
		{1842EF3B-95F2-48DC-AA93-3A1D080D5EA0}.Debug|Any CPU.ActiveCfg = Debug|Any CPU
		{1842EF3B-95F2-48DC-AA93-3A1D080D5EA0}.Debug|Any CPU.Build.0 = Debug|Any CPU
		{1842EF3B-95F2-48DC-AA93-3A1D080D5EA0}.Release|Any CPU.ActiveCfg = Release|Any CPU
		{1842EF3B-95F2-48DC-AA93-3A1D080D5EA0}.Release|Any CPU.Build.0 = Release|Any CPU
		{3EC48F79-82D6-4DFD-8930-071E3D981CDC}.Debug|Any CPU.ActiveCfg = Debug|Any CPU
		{3EC48F79-82D6-4DFD-8930-071E3D981CDC}.Debug|Any CPU.Build.0 = Debug|Any CPU
		{3EC48F79-82D6-4DFD-8930-071E3D981CDC}.Release|Any CPU.ActiveCfg = Release|Any CPU
		{3EC48F79-82D6-4DFD-8930-071E3D981CDC}.Release|Any CPU.Build.0 = Release|Any CPU
	EndGlobalSection
	GlobalSection(SolutionProperties) = preSolution
		HideSolutionNode = FALSE
	EndGlobalSection
	GlobalSection(ExtensibilityGlobals) = postSolution
		SolutionGuid = {BDEE055D-4106-4647-B6A5-071CBD3287EE}
	EndGlobalSection
EndGlobal
