
Microsoft Visual Studio Solution File, Format Version 12.00
# Visual Studio 15
VisualStudioVersion = 15.0.28010.2026
MinimumVisualStudioVersion = 10.0.40219.1
Project("{FAE04EC0-301F-11D3-BF4B-00C04F79EFBC}") = "program1", "program1\program1.csproj", "{12FCB6C0-12C0-4AF0-B72B-5F4C2F4D07E6}"
EndProject
Project("{FAE04EC0-301F-11D3-BF4B-00C04F79EFBC}") = "program2", "program2\program2.csproj", "{E9B21F14-E09D-489F-8E9B-870F352214CC}"
EndProject
Global
	GlobalSection(SolutionConfigurationPlatforms) = preSolution
		Debug|Any CPU = Debug|Any CPU
		Release|Any CPU = Release|Any CPU
	EndGlobalSection
	GlobalSection(ProjectConfigurationPlatforms) = postSolution
		{12FCB6C0-12C0-4AF0-B72B-5F4C2F4D07E6}.Debug|Any CPU.ActiveCfg = Debug|Any CPU
		{12FCB6C0-12C0-4AF0-B72B-5F4C2F4D07E6}.Debug|Any CPU.Build.0 = Debug|Any CPU
		{12FCB6C0-12C0-4AF0-B72B-5F4C2F4D07E6}.Release|Any CPU.ActiveCfg = Release|Any CPU
		{12FCB6C0-12C0-4AF0-B72B-5F4C2F4D07E6}.Release|Any CPU.Build.0 = Release|Any CPU
		{E9B21F14-E09D-489F-8E9B-870F352214CC}.Debug|Any CPU.ActiveCfg = Debug|Any CPU
		{E9B21F14-E09D-489F-8E9B-870F352214CC}.Debug|Any CPU.Build.0 = Debug|Any CPU
		{E9B21F14-E09D-489F-8E9B-870F352214CC}.Release|Any CPU.ActiveCfg = Release|Any CPU
		{E9B21F14-E09D-489F-8E9B-870F352214CC}.Release|Any CPU.Build.0 = Release|Any CPU
	EndGlobalSection
	GlobalSection(SolutionProperties) = preSolution
		HideSolutionNode = FALSE
	EndGlobalSection
	GlobalSection(ExtensibilityGlobals) = postSolution
		SolutionGuid = {FE527696-FA6A-4723-8C6F-8466A69ADB83}
	EndGlobalSection
EndGlobal
